// !$*UTF8*$!
{
	archiveVersion = 1;
	classes = {
	};
	objectVersion = 50;
	objects = {

/* Begin PBXBuildFile section */
		90631EA425CE05A30037D940 /* CourseList.swift in Sources */ = {isa = PBXBuildFile; fileRef = 90631EA325CE05A30037D940 /* CourseList.swift */; };
		90631EA525CE05A30037D940 /* CourseList.swift in Sources */ = {isa = PBXBuildFile; fileRef = 90631EA325CE05A30037D940 /* CourseList.swift */; };
		90631EAE25CE1A560037D940 /* Course.swift in Sources */ = {isa = PBXBuildFile; fileRef = 90631EAD25CE1A560037D940 /* Course.swift */; };
		90631EAF25CE1A560037D940 /* Course.swift in Sources */ = {isa = PBXBuildFile; fileRef = 90631EAD25CE1A560037D940 /* Course.swift */; };
		9070B9E825CCC188003361F5 /* Tests_iOS.swift in Sources */ = {isa = PBXBuildFile; fileRef = 9070B9E725CCC188003361F5 /* Tests_iOS.swift */; };
		9070B9F325CCC188003361F5 /* Tests_macOS.swift in Sources */ = {isa = PBXBuildFile; fileRef = 9070B9F225CCC188003361F5 /* Tests_macOS.swift */; };
		9070B9F525CCC188003361F5 /* DesignCodeCourseApp.swift in Sources */ = {isa = PBXBuildFile; fileRef = 9070B9CC25CCC184003361F5 /* DesignCodeCourseApp.swift */; };
		9070B9F625CCC188003361F5 /* DesignCodeCourseApp.swift in Sources */ = {isa = PBXBuildFile; fileRef = 9070B9CC25CCC184003361F5 /* DesignCodeCourseApp.swift */; };
		9070B9F725CCC188003361F5 /* ContentView.swift in Sources */ = {isa = PBXBuildFile; fileRef = 9070B9CD25CCC184003361F5 /* ContentView.swift */; };
		9070B9F825CCC188003361F5 /* ContentView.swift in Sources */ = {isa = PBXBuildFile; fileRef = 9070B9CD25CCC184003361F5 /* ContentView.swift */; };
		9070B9F925CCC188003361F5 /* Assets.xcassets in Resources */ = {isa = PBXBuildFile; fileRef = 9070B9CE25CCC188003361F5 /* Assets.xcassets */; };
		9070B9FA25CCC188003361F5 /* Assets.xcassets in Resources */ = {isa = PBXBuildFile; fileRef = 9070B9CE25CCC188003361F5 /* Assets.xcassets */; };
		9070BA0E25CCCB03003361F5 /* CourseRow.swift in Sources */ = {isa = PBXBuildFile; fileRef = 9070BA0D25CCCB03003361F5 /* CourseRow.swift */; };
		9070BA0F25CCCB03003361F5 /* CourseRow.swift in Sources */ = {isa = PBXBuildFile; fileRef = 9070BA0D25CCCB03003361F5 /* CourseRow.swift */; };
		9070BA1525CCCD42003361F5 /* CoursesView.swift in Sources */ = {isa = PBXBuildFile; fileRef = 9070BA1425CCCD42003361F5 /* CoursesView.swift */; };
		9070BA1625CCCD42003361F5 /* CoursesView.swift in Sources */ = {isa = PBXBuildFile; fileRef = 9070BA1425CCCD42003361F5 /* CoursesView.swift */; };
		9070BA1C25CCCEF3003361F5 /* Sidebar.swift in Sources */ = {isa = PBXBuildFile; fileRef = 9070BA1B25CCCEF3003361F5 /* Sidebar.swift */; };
		9070BA1D25CCCEF3003361F5 /* Sidebar.swift in Sources */ = {isa = PBXBuildFile; fileRef = 9070BA1B25CCCEF3003361F5 /* Sidebar.swift */; };
		9070BA2325CDF567003361F5 /* CourseItem.swift in Sources */ = {isa = PBXBuildFile; fileRef = 9070BA2225CDF567003361F5 /* CourseItem.swift */; };
		9070BA2425CDF568003361F5 /* CourseItem.swift in Sources */ = {isa = PBXBuildFile; fileRef = 9070BA2225CDF567003361F5 /* CourseItem.swift */; };
/* End PBXBuildFile section */

/* Begin PBXContainerItemProxy section */
		9070B9E425CCC188003361F5 /* PBXContainerItemProxy */ = {
			isa = PBXContainerItemProxy;
			containerPortal = 9070B9C725CCC183003361F5 /* Project object */;
			proxyType = 1;
			remoteGlobalIDString = 9070B9D225CCC188003361F5;
			remoteInfo = "DesignCodeCourse (iOS)";
		};
		9070B9EF25CCC188003361F5 /* PBXContainerItemProxy */ = {
			isa = PBXContainerItemProxy;
			containerPortal = 9070B9C725CCC183003361F5 /* Project object */;
			proxyType = 1;
			remoteGlobalIDString = 9070B9DA25CCC188003361F5;
			remoteInfo = "DesignCodeCourse (macOS)";
		};
/* End PBXContainerItemProxy section */

/* Begin PBXFileReference section */
		90631EA325CE05A30037D940 /* CourseList.swift */ = {isa = PBXFileReference; lastKnownFileType = sourcecode.swift; path = CourseList.swift; sourceTree = "<group>"; };
		90631EAD25CE1A560037D940 /* Course.swift */ = {isa = PBXFileReference; lastKnownFileType = sourcecode.swift; path = Course.swift; sourceTree = "<group>"; };
		9070B9CC25CCC184003361F5 /* DesignCodeCourseApp.swift */ = {isa = PBXFileReference; lastKnownFileType = sourcecode.swift; path = DesignCodeCourseApp.swift; sourceTree = "<group>"; };
		9070B9CD25CCC184003361F5 /* ContentView.swift */ = {isa = PBXFileReference; lastKnownFileType = sourcecode.swift; path = ContentView.swift; sourceTree = "<group>"; };
		9070B9CE25CCC188003361F5 /* Assets.xcassets */ = {isa = PBXFileReference; lastKnownFileType = folder.assetcatalog; path = Assets.xcassets; sourceTree = "<group>"; };
		9070B9D325CCC188003361F5 /* DesignCodeCourse.app */ = {isa = PBXFileReference; explicitFileType = wrapper.application; includeInIndex = 0; path = DesignCodeCourse.app; sourceTree = BUILT_PRODUCTS_DIR; };
		9070B9D625CCC188003361F5 /* Info.plist */ = {isa = PBXFileReference; lastKnownFileType = text.plist.xml; path = Info.plist; sourceTree = "<group>"; };
		9070B9DB25CCC188003361F5 /* DesignCodeCourse.app */ = {isa = PBXFileReference; explicitFileType = wrapper.application; includeInIndex = 0; path = DesignCodeCourse.app; sourceTree = BUILT_PRODUCTS_DIR; };
		9070B9DD25CCC188003361F5 /* Info.plist */ = {isa = PBXFileReference; lastKnownFileType = text.plist.xml; path = Info.plist; sourceTree = "<group>"; };
		9070B9DE25CCC188003361F5 /* macOS.entitlements */ = {isa = PBXFileReference; lastKnownFileType = text.plist.entitlements; path = macOS.entitlements; sourceTree = "<group>"; };
		9070B9E325CCC188003361F5 /* Tests iOS.xctest */ = {isa = PBXFileReference; explicitFileType = wrapper.cfbundle; includeInIndex = 0; path = "Tests iOS.xctest"; sourceTree = BUILT_PRODUCTS_DIR; };
		9070B9E725CCC188003361F5 /* Tests_iOS.swift */ = {isa = PBXFileReference; lastKnownFileType = sourcecode.swift; path = Tests_iOS.swift; sourceTree = "<group>"; };
		9070B9E925CCC188003361F5 /* Info.plist */ = {isa = PBXFileReference; lastKnownFileType = text.plist.xml; path = Info.plist; sourceTree = "<group>"; };
		9070B9EE25CCC188003361F5 /* Tests macOS.xctest */ = {isa = PBXFileReference; explicitFileType = wrapper.cfbundle; includeInIndex = 0; path = "Tests macOS.xctest"; sourceTree = BUILT_PRODUCTS_DIR; };
		9070B9F225CCC188003361F5 /* Tests_macOS.swift */ = {isa = PBXFileReference; lastKnownFileType = sourcecode.swift; path = Tests_macOS.swift; sourceTree = "<group>"; };
		9070B9F425CCC188003361F5 /* Info.plist */ = {isa = PBXFileReference; lastKnownFileType = text.plist.xml; path = Info.plist; sourceTree = "<group>"; };
		9070BA0D25CCCB03003361F5 /* CourseRow.swift */ = {isa = PBXFileReference; lastKnownFileType = sourcecode.swift; path = CourseRow.swift; sourceTree = "<group>"; };
		9070BA1425CCCD42003361F5 /* CoursesView.swift */ = {isa = PBXFileReference; lastKnownFileType = sourcecode.swift; path = CoursesView.swift; sourceTree = "<group>"; };
		9070BA1B25CCCEF3003361F5 /* Sidebar.swift */ = {isa = PBXFileReference; lastKnownFileType = sourcecode.swift; path = Sidebar.swift; sourceTree = "<group>"; };
		9070BA2225CDF567003361F5 /* CourseItem.swift */ = {isa = PBXFileReference; lastKnownFileType = sourcecode.swift; path = CourseItem.swift; sourceTree = "<group>"; };
/* End PBXFileReference section */

/* Begin PBXFrameworksBuildPhase section */
		9070B9D025CCC188003361F5 /* Frameworks */ = {
			isa = PBXFrameworksBuildPhase;
			buildActionMask = 2147483647;
			files = (
			);
			runOnlyForDeploymentPostprocessing = 0;
		};
		9070B9D825CCC188003361F5 /* Frameworks */ = {
			isa = PBXFrameworksBuildPhase;
			buildActionMask = 2147483647;
			files = (
			);
			runOnlyForDeploymentPostprocessing = 0;
		};
		9070B9E025CCC188003361F5 /* Frameworks */ = {
			isa = PBXFrameworksBuildPhase;
			buildActionMask = 2147483647;
			files = (
			);
			runOnlyForDeploymentPostprocessing = 0;
		};
		9070B9EB25CCC188003361F5 /* Frameworks */ = {
			isa = PBXFrameworksBuildPhase;
			buildActionMask = 2147483647;
			files = (
			);
			runOnlyForDeploymentPostprocessing = 0;
		};
/* End PBXFrameworksBuildPhase section */

/* Begin PBXGroup section */
		90631E9625CE04FF0037D940 /* Items */ = {
			isa = PBXGroup;
			children = (
				9070BA2225CDF567003361F5 /* CourseItem.swift */,
				9070BA0D25CCCB03003361F5 /* CourseRow.swift */,
			);
			path = Items;
			sourceTree = "<group>";
		};
		9070B9C625CCC183003361F5 = {
			isa = PBXGroup;
			children = (
				9070B9CB25CCC184003361F5 /* Shared */,
				9070B9D525CCC188003361F5 /* iOS */,
				9070B9DC25CCC188003361F5 /* macOS */,
				9070B9E625CCC188003361F5 /* Tests iOS */,
				9070B9F125CCC188003361F5 /* Tests macOS */,
				9070B9D425CCC188003361F5 /* Products */,
			);
			sourceTree = "<group>";
		};
		9070B9CB25CCC184003361F5 /* Shared */ = {
			isa = PBXGroup;
			children = (
				9070B9CC25CCC184003361F5 /* DesignCodeCourseApp.swift */,
				9070BA2925CDFFAD003361F5 /* Navigation */,
				9078293B25D4999300438353 /* Model */,
				90631E9625CE04FF0037D940 /* Items */,
				9070BA1425CCCD42003361F5 /* CoursesView.swift */,
				90631EA325CE05A30037D940 /* CourseList.swift */,
				9070B9CE25CCC188003361F5 /* Assets.xcassets */,
			);
			path = Shared;
			sourceTree = "<group>";
		};
		9070B9D425CCC188003361F5 /* Products */ = {
			isa = PBXGroup;
			children = (
				9070B9D325CCC188003361F5 /* DesignCodeCourse.app */,
				9070B9DB25CCC188003361F5 /* DesignCodeCourse.app */,
				9070B9E325CCC188003361F5 /* Tests iOS.xctest */,
				9070B9EE25CCC188003361F5 /* Tests macOS.xctest */,
			);
			name = Products;
			sourceTree = "<group>";
		};
		9070B9D525CCC188003361F5 /* iOS */ = {
			isa = PBXGroup;
			children = (
				9070B9D625CCC188003361F5 /* Info.plist */,
			);
			path = iOS;
			sourceTree = "<group>";
		};
		9070B9DC25CCC188003361F5 /* macOS */ = {
			isa = PBXGroup;
			children = (
				9070B9DD25CCC188003361F5 /* Info.plist */,
				9070B9DE25CCC188003361F5 /* macOS.entitlements */,
			);
			path = macOS;
			sourceTree = "<group>";
		};
		9070B9E625CCC188003361F5 /* Tests iOS */ = {
			isa = PBXGroup;
			children = (
				9070B9E725CCC188003361F5 /* Tests_iOS.swift */,
				9070B9E925CCC188003361F5 /* Info.plist */,
			);
			path = "Tests iOS";
			sourceTree = "<group>";
		};
		9070B9F125CCC188003361F5 /* Tests macOS */ = {
			isa = PBXGroup;
			children = (
				9070B9F225CCC188003361F5 /* Tests_macOS.swift */,
				9070B9F425CCC188003361F5 /* Info.plist */,
			);
			path = "Tests macOS";
			sourceTree = "<group>";
		};
		9070BA2925CDFFAD003361F5 /* Navigation */ = {
			isa = PBXGroup;
			children = (
				9070B9CD25CCC184003361F5 /* ContentView.swift */,
				9070BA1B25CCCEF3003361F5 /* Sidebar.swift */,
			);
			path = Navigation;
			sourceTree = "<group>";
		};
		9078293B25D4999300438353 /* Model */ = {
			isa = PBXGroup;
			children = (
				90631EAD25CE1A560037D940 /* Course.swift */,
			);
			path = Model;
			sourceTree = "<group>";
		};
/* End PBXGroup section */

/* Begin PBXNativeTarget section */
		9070B9D225CCC188003361F5 /* DesignCodeCourse (iOS) */ = {
			isa = PBXNativeTarget;
			buildConfigurationList = 9070B9FD25CCC188003361F5 /* Build configuration list for PBXNativeTarget "DesignCodeCourse (iOS)" */;
			buildPhases = (
				9070B9CF25CCC188003361F5 /* Sources */,
				9070B9D025CCC188003361F5 /* Frameworks */,
				9070B9D125CCC188003361F5 /* Resources */,
			);
			buildRules = (
			);
			dependencies = (
			);
			name = "DesignCodeCourse (iOS)";
			productName = "DesignCodeCourse (iOS)";
			productReference = 9070B9D325CCC188003361F5 /* DesignCodeCourse.app */;
			productType = "com.apple.product-type.application";
		};
		9070B9DA25CCC188003361F5 /* DesignCodeCourse (macOS) */ = {
			isa = PBXNativeTarget;
			buildConfigurationList = 9070BA0025CCC188003361F5 /* Build configuration list for PBXNativeTarget "DesignCodeCourse (macOS)" */;
			buildPhases = (
				9070B9D725CCC188003361F5 /* Sources */,
				9070B9D825CCC188003361F5 /* Frameworks */,
				9070B9D925CCC188003361F5 /* Resources */,
			);
			buildRules = (
			);
			dependencies = (
			);
			name = "DesignCodeCourse (macOS)";
			productName = "DesignCodeCourse (macOS)";
			productReference = 9070B9DB25CCC188003361F5 /* DesignCodeCourse.app */;
			productType = "com.apple.product-type.application";
		};
		9070B9E225CCC188003361F5 /* Tests iOS */ = {
			isa = PBXNativeTarget;
			buildConfigurationList = 9070BA0325CCC188003361F5 /* Build configuration list for PBXNativeTarget "Tests iOS" */;
			buildPhases = (
				9070B9DF25CCC188003361F5 /* Sources */,
				9070B9E025CCC188003361F5 /* Frameworks */,
				9070B9E125CCC188003361F5 /* Resources */,
			);
			buildRules = (
			);
			dependencies = (
				9070B9E525CCC188003361F5 /* PBXTargetDependency */,
			);
			name = "Tests iOS";
			productName = "Tests iOS";
			productReference = 9070B9E325CCC188003361F5 /* Tests iOS.xctest */;
			productType = "com.apple.product-type.bundle.ui-testing";
		};
		9070B9ED25CCC188003361F5 /* Tests macOS */ = {
			isa = PBXNativeTarget;
			buildConfigurationList = 9070BA0625CCC188003361F5 /* Build configuration list for PBXNativeTarget "Tests macOS" */;
			buildPhases = (
				9070B9EA25CCC188003361F5 /* Sources */,
				9070B9EB25CCC188003361F5 /* Frameworks */,
				9070B9EC25CCC188003361F5 /* Resources */,
			);
			buildRules = (
			);
			dependencies = (
				9070B9F025CCC188003361F5 /* PBXTargetDependency */,
			);
			name = "Tests macOS";
			productName = "Tests macOS";
			productReference = 9070B9EE25CCC188003361F5 /* Tests macOS.xctest */;
			productType = "com.apple.product-type.bundle.ui-testing";
		};
/* End PBXNativeTarget section */

/* Begin PBXProject section */
		9070B9C725CCC183003361F5 /* Project object */ = {
			isa = PBXProject;
			attributes = {
				LastSwiftUpdateCheck = 1240;
				LastUpgradeCheck = 1240;
				TargetAttributes = {
					9070B9D225CCC188003361F5 = {
						CreatedOnToolsVersion = 12.4;
					};
					9070B9DA25CCC188003361F5 = {
						CreatedOnToolsVersion = 12.4;
					};
					9070B9E225CCC188003361F5 = {
						CreatedOnToolsVersion = 12.4;
						TestTargetID = 9070B9D225CCC188003361F5;
					};
					9070B9ED25CCC188003361F5 = {
						CreatedOnToolsVersion = 12.4;
						TestTargetID = 9070B9DA25CCC188003361F5;
					};
				};
			};
			buildConfigurationList = 9070B9CA25CCC183003361F5 /* Build configuration list for PBXProject "DesignCodeCourse" */;
			compatibilityVersion = "Xcode 9.3";
			developmentRegion = en;
			hasScannedForEncodings = 0;
			knownRegions = (
				en,
				Base,
			);
			mainGroup = 9070B9C625CCC183003361F5;
			productRefGroup = 9070B9D425CCC188003361F5 /* Products */;
			projectDirPath = "";
			projectRoot = "";
			targets = (
				9070B9D225CCC188003361F5 /* DesignCodeCourse (iOS) */,
				9070B9DA25CCC188003361F5 /* DesignCodeCourse (macOS) */,
				9070B9E225CCC188003361F5 /* Tests iOS */,
				9070B9ED25CCC188003361F5 /* Tests macOS */,
			);
		};
/* End PBXProject section */

/* Begin PBXResourcesBuildPhase section */
		9070B9D125CCC188003361F5 /* Resources */ = {
			isa = PBXResourcesBuildPhase;
			buildActionMask = 2147483647;
			files = (
				9070B9F925CCC188003361F5 /* Assets.xcassets in Resources */,
			);
			runOnlyForDeploymentPostprocessing = 0;
		};
		9070B9D925CCC188003361F5 /* Resources */ = {
			isa = PBXResourcesBuildPhase;
			buildActionMask = 2147483647;
			files = (
				9070B9FA25CCC188003361F5 /* Assets.xcassets in Resources */,
			);
			runOnlyForDeploymentPostprocessing = 0;
		};
		9070B9E125CCC188003361F5 /* Resources */ = {
			isa = PBXResourcesBuildPhase;
			buildActionMask = 2147483647;
			files = (
			);
			runOnlyForDeploymentPostprocessing = 0;
		};
		9070B9EC25CCC188003361F5 /* Resources */ = {
			isa = PBXResourcesBuildPhase;
			buildActionMask = 2147483647;
			files = (
			);
			runOnlyForDeploymentPostprocessing = 0;
		};
/* End PBXResourcesBuildPhase section */

/* Begin PBXSourcesBuildPhase section */
		9070B9CF25CCC188003361F5 /* Sources */ = {
			isa = PBXSourcesBuildPhase;
			buildActionMask = 2147483647;
			files = (
				90631EAE25CE1A560037D940 /* Course.swift in Sources */,
				9070BA1C25CCCEF3003361F5 /* Sidebar.swift in Sources */,
				9070BA2325CDF567003361F5 /* CourseItem.swift in Sources */,
				9070B9F725CCC188003361F5 /* ContentView.swift in Sources */,
				9070BA0E25CCCB03003361F5 /* CourseRow.swift in Sources */,
				9070B9F525CCC188003361F5 /* DesignCodeCourseApp.swift in Sources */,
				9070BA1525CCCD42003361F5 /* CoursesView.swift in Sources */,
				90631EA425CE05A30037D940 /* CourseList.swift in Sources */,
			);
			runOnlyForDeploymentPostprocessing = 0;
		};
		9070B9D725CCC188003361F5 /* Sources */ = {
			isa = PBXSourcesBuildPhase;
			buildActionMask = 2147483647;
			files = (
				90631EAF25CE1A560037D940 /* Course.swift in Sources */,
				9070BA1D25CCCEF3003361F5 /* Sidebar.swift in Sources */,
				9070BA2425CDF568003361F5 /* CourseItem.swift in Sources */,
				9070B9F825CCC188003361F5 /* ContentView.swift in Sources */,
				9070BA0F25CCCB03003361F5 /* CourseRow.swift in Sources */,
				9070B9F625CCC188003361F5 /* DesignCodeCourseApp.swift in Sources */,
				9070BA1625CCCD42003361F5 /* CoursesView.swift in Sources */,
				90631EA525CE05A30037D940 /* CourseList.swift in Sources */,
			);
			runOnlyForDeploymentPostprocessing = 0;
		};
		9070B9DF25CCC188003361F5 /* Sources */ = {
			isa = PBXSourcesBuildPhase;
			buildActionMask = 2147483647;
			files = (
				9070B9E825CCC188003361F5 /* Tests_iOS.swift in Sources */,
			);
			runOnlyForDeploymentPostprocessing = 0;
		};
		9070B9EA25CCC188003361F5 /* Sources */ = {
			isa = PBXSourcesBuildPhase;
			buildActionMask = 2147483647;
			files = (
				9070B9F325CCC188003361F5 /* Tests_macOS.swift in Sources */,
			);
			runOnlyForDeploymentPostprocessing = 0;
		};
/* End PBXSourcesBuildPhase section */

/* Begin PBXTargetDependency section */
		9070B9E525CCC188003361F5 /* PBXTargetDependency */ = {
			isa = PBXTargetDependency;
			target = 9070B9D225CCC188003361F5 /* DesignCodeCourse (iOS) */;
			targetProxy = 9070B9E425CCC188003361F5 /* PBXContainerItemProxy */;
		};
		9070B9F025CCC188003361F5 /* PBXTargetDependency */ = {
			isa = PBXTargetDependency;
			target = 9070B9DA25CCC188003361F5 /* DesignCodeCourse (macOS) */;
			targetProxy = 9070B9EF25CCC188003361F5 /* PBXContainerItemProxy */;
		};
/* End PBXTargetDependency section */

/* Begin XCBuildConfiguration section */
		9070B9FB25CCC188003361F5 /* Debug */ = {
			isa = XCBuildConfiguration;
			buildSettings = {
				ALWAYS_SEARCH_USER_PATHS = NO;
				CLANG_ANALYZER_NONNULL = YES;
				CLANG_ANALYZER_NUMBER_OBJECT_CONVERSION = YES_AGGRESSIVE;
				CLANG_CXX_LANGUAGE_STANDARD = "gnu++14";
				CLANG_CXX_LIBRARY = "libc++";
				CLANG_ENABLE_MODULES = YES;
				CLANG_ENABLE_OBJC_ARC = YES;
				CLANG_ENABLE_OBJC_WEAK = YES;
				CLANG_WARN_BLOCK_CAPTURE_AUTORELEASING = YES;
				CLANG_WARN_BOOL_CONVERSION = YES;
				CLANG_WARN_COMMA = YES;
				CLANG_WARN_CONSTANT_CONVERSION = YES;
				CLANG_WARN_DEPRECATED_OBJC_IMPLEMENTATIONS = YES;
				CLANG_WARN_DIRECT_OBJC_ISA_USAGE = YES_ERROR;
				CLANG_WARN_DOCUMENTATION_COMMENTS = YES;
				CLANG_WARN_EMPTY_BODY = YES;
				CLANG_WARN_ENUM_CONVERSION = YES;
				CLANG_WARN_INFINITE_RECURSION = YES;
				CLANG_WARN_INT_CONVERSION = YES;
				CLANG_WARN_NON_LITERAL_NULL_CONVERSION = YES;
				CLANG_WARN_OBJC_IMPLICIT_RETAIN_SELF = YES;
				CLANG_WARN_OBJC_LITERAL_CONVERSION = YES;
				CLANG_WARN_OBJC_ROOT_CLASS = YES_ERROR;
				CLANG_WARN_QUOTED_INCLUDE_IN_FRAMEWORK_HEADER = YES;
				CLANG_WARN_RANGE_LOOP_ANALYSIS = YES;
				CLANG_WARN_STRICT_PROTOTYPES = YES;
				CLANG_WARN_SUSPICIOUS_MOVE = YES;
				CLANG_WARN_UNGUARDED_AVAILABILITY = YES_AGGRESSIVE;
				CLANG_WARN_UNREACHABLE_CODE = YES;
				CLANG_WARN__DUPLICATE_METHOD_MATCH = YES;
				COPY_PHASE_STRIP = NO;
				DEBUG_INFORMATION_FORMAT = dwarf;
				ENABLE_STRICT_OBJC_MSGSEND = YES;
				ENABLE_TESTABILITY = YES;
				GCC_C_LANGUAGE_STANDARD = gnu11;
				GCC_DYNAMIC_NO_PIC = NO;
				GCC_NO_COMMON_BLOCKS = YES;
				GCC_OPTIMIZATION_LEVEL = 0;
				GCC_PREPROCESSOR_DEFINITIONS = (
					"DEBUG=1",
					"$(inherited)",
				);
				GCC_WARN_64_TO_32_BIT_CONVERSION = YES;
				GCC_WARN_ABOUT_RETURN_TYPE = YES_ERROR;
				GCC_WARN_UNDECLARED_SELECTOR = YES;
				GCC_WARN_UNINITIALIZED_AUTOS = YES_AGGRESSIVE;
				GCC_WARN_UNUSED_FUNCTION = YES;
				GCC_WARN_UNUSED_VARIABLE = YES;
				MTL_ENABLE_DEBUG_INFO = INCLUDE_SOURCE;
				MTL_FAST_MATH = YES;
				ONLY_ACTIVE_ARCH = YES;
				SWIFT_ACTIVE_COMPILATION_CONDITIONS = DEBUG;
				SWIFT_OPTIMIZATION_LEVEL = "-Onone";
			};
			name = Debug;
		};
		9070B9FC25CCC188003361F5 /* Release */ = {
			isa = XCBuildConfiguration;
			buildSettings = {
				ALWAYS_SEARCH_USER_PATHS = NO;
				CLANG_ANALYZER_NONNULL = YES;
				CLANG_ANALYZER_NUMBER_OBJECT_CONVERSION = YES_AGGRESSIVE;
				CLANG_CXX_LANGUAGE_STANDARD = "gnu++14";
				CLANG_CXX_LIBRARY = "libc++";
				CLANG_ENABLE_MODULES = YES;
				CLANG_ENABLE_OBJC_ARC = YES;
				CLANG_ENABLE_OBJC_WEAK = YES;
				CLANG_WARN_BLOCK_CAPTURE_AUTORELEASING = YES;
				CLANG_WARN_BOOL_CONVERSION = YES;
				CLANG_WARN_COMMA = YES;
				CLANG_WARN_CONSTANT_CONVERSION = YES;
				CLANG_WARN_DEPRECATED_OBJC_IMPLEMENTATIONS = YES;
				CLANG_WARN_DIRECT_OBJC_ISA_USAGE = YES_ERROR;
				CLANG_WARN_DOCUMENTATION_COMMENTS = YES;
				CLANG_WARN_EMPTY_BODY = YES;
				CLANG_WARN_ENUM_CONVERSION = YES;
				CLANG_WARN_INFINITE_RECURSION = YES;
				CLANG_WARN_INT_CONVERSION = YES;
				CLANG_WARN_NON_LITERAL_NULL_CONVERSION = YES;
				CLANG_WARN_OBJC_IMPLICIT_RETAIN_SELF = YES;
				CLANG_WARN_OBJC_LITERAL_CONVERSION = YES;
				CLANG_WARN_OBJC_ROOT_CLASS = YES_ERROR;
				CLANG_WARN_QUOTED_INCLUDE_IN_FRAMEWORK_HEADER = YES;
				CLANG_WARN_RANGE_LOOP_ANALYSIS = YES;
				CLANG_WARN_STRICT_PROTOTYPES = YES;
				CLANG_WARN_SUSPICIOUS_MOVE = YES;
				CLANG_WARN_UNGUARDED_AVAILABILITY = YES_AGGRESSIVE;
				CLANG_WARN_UNREACHABLE_CODE = YES;
				CLANG_WARN__DUPLICATE_METHOD_MATCH = YES;
				COPY_PHASE_STRIP = NO;
				DEBUG_INFORMATION_FORMAT = "dwarf-with-dsym";
				ENABLE_NS_ASSERTIONS = NO;
				ENABLE_STRICT_OBJC_MSGSEND = YES;
				GCC_C_LANGUAGE_STANDARD = gnu11;
				GCC_NO_COMMON_BLOCKS = YES;
				GCC_WARN_64_TO_32_BIT_CONVERSION = YES;
				GCC_WARN_ABOUT_RETURN_TYPE = YES_ERROR;
				GCC_WARN_UNDECLARED_SELECTOR = YES;
				GCC_WARN_UNINITIALIZED_AUTOS = YES_AGGRESSIVE;
				GCC_WARN_UNUSED_FUNCTION = YES;
				GCC_WARN_UNUSED_VARIABLE = YES;
				MTL_ENABLE_DEBUG_INFO = NO;
				MTL_FAST_MATH = YES;
				SWIFT_COMPILATION_MODE = wholemodule;
				SWIFT_OPTIMIZATION_LEVEL = "-O";
			};
			name = Release;
		};
		9070B9FE25CCC188003361F5 /* Debug */ = {
			isa = XCBuildConfiguration;
			buildSettings = {
				ASSETCATALOG_COMPILER_APPICON_NAME = AppIcon;
				ASSETCATALOG_COMPILER_GLOBAL_ACCENT_COLOR_NAME = AccentColor;
				CODE_SIGN_STYLE = Automatic;
				DEVELOPMENT_TEAM = 57FTCZV5HS;
				ENABLE_PREVIEWS = YES;
				INFOPLIST_FILE = iOS/Info.plist;
				IPHONEOS_DEPLOYMENT_TARGET = 14.0;
				LD_RUNPATH_SEARCH_PATHS = (
					"$(inherited)",
					"@executable_path/Frameworks",
				);
				PRODUCT_BUNDLE_IDENTIFIER = com.greghughes.DesignCodeCourse;
				PRODUCT_NAME = DesignCodeCourse;
				SDKROOT = iphoneos;
				SWIFT_VERSION = 5.0;
				TARGETED_DEVICE_FAMILY = "1,2";
			};
			name = Debug;
		};
		9070B9FF25CCC188003361F5 /* Release */ = {
			isa = XCBuildConfiguration;
			buildSettings = {
				ASSETCATALOG_COMPILER_APPICON_NAME = AppIcon;
				ASSETCATALOG_COMPILER_GLOBAL_ACCENT_COLOR_NAME = AccentColor;
				CODE_SIGN_STYLE = Automatic;
				DEVELOPMENT_TEAM = 57FTCZV5HS;
				ENABLE_PREVIEWS = YES;
				INFOPLIST_FILE = iOS/Info.plist;
				IPHONEOS_DEPLOYMENT_TARGET = 14.0;
				LD_RUNPATH_SEARCH_PATHS = (
					"$(inherited)",
					"@executable_path/Frameworks",
				);
				PRODUCT_BUNDLE_IDENTIFIER = com.greghughes.DesignCodeCourse;
				PRODUCT_NAME = DesignCodeCourse;
				SDKROOT = iphoneos;
				SWIFT_VERSION = 5.0;
				TARGETED_DEVICE_FAMILY = "1,2";
				VALIDATE_PRODUCT = YES;
			};
			name = Release;
		};
		9070BA0125CCC188003361F5 /* Debug */ = {
			isa = XCBuildConfiguration;
			buildSettings = {
				ASSETCATALOG_COMPILER_APPICON_NAME = AppIcon;
				ASSETCATALOG_COMPILER_GLOBAL_ACCENT_COLOR_NAME = AccentColor;
				CODE_SIGN_ENTITLEMENTS = macOS/macOS.entitlements;
				CODE_SIGN_STYLE = Automatic;
				COMBINE_HIDPI_IMAGES = YES;
				DEVELOPMENT_TEAM = 57FTCZV5HS;
				ENABLE_HARDENED_RUNTIME = YES;
				ENABLE_PREVIEWS = YES;
				INFOPLIST_FILE = macOS/Info.plist;
				LD_RUNPATH_SEARCH_PATHS = (
					"$(inherited)",
					"@executable_path/../Frameworks",
				);
				MACOSX_DEPLOYMENT_TARGET = 11.0;
				PRODUCT_BUNDLE_IDENTIFIER = com.greghughes.DesignCodeCourse;
				PRODUCT_NAME = DesignCodeCourse;
				SDKROOT = macosx;
				SWIFT_VERSION = 5.0;
			};
			name = Debug;
		};
		9070BA0225CCC188003361F5 /* Release */ = {
			isa = XCBuildConfiguration;
			buildSettings = {
				ASSETCATALOG_COMPILER_APPICON_NAME = AppIcon;
				ASSETCATALOG_COMPILER_GLOBAL_ACCENT_COLOR_NAME = AccentColor;
				CODE_SIGN_ENTITLEMENTS = macOS/macOS.entitlements;
				CODE_SIGN_STYLE = Automatic;
				COMBINE_HIDPI_IMAGES = YES;
				DEVELOPMENT_TEAM = 57FTCZV5HS;
				ENABLE_HARDENED_RUNTIME = YES;
				ENABLE_PREVIEWS = YES;
				INFOPLIST_FILE = macOS/Info.plist;
				LD_RUNPATH_SEARCH_PATHS = (
					"$(inherited)",
					"@executable_path/../Frameworks",
				);
				MACOSX_DEPLOYMENT_TARGET = 11.0;
				PRODUCT_BUNDLE_IDENTIFIER = com.greghughes.DesignCodeCourse;
				PRODUCT_NAME = DesignCodeCourse;
				SDKROOT = macosx;
				SWIFT_VERSION = 5.0;
			};
			name = Release;
		};
		9070BA0425CCC188003361F5 /* Debug */ = {
			isa = XCBuildConfiguration;
			buildSettings = {
				ALWAYS_EMBED_SWIFT_STANDARD_LIBRARIES = YES;
				CODE_SIGN_STYLE = Automatic;
				DEVELOPMENT_TEAM = 57FTCZV5HS;
				INFOPLIST_FILE = "Tests iOS/Info.plist";
				IPHONEOS_DEPLOYMENT_TARGET = 14.4;
				LD_RUNPATH_SEARCH_PATHS = (
					"$(inherited)",
					"@executable_path/Frameworks",
					"@loader_path/Frameworks",
				);
				PRODUCT_BUNDLE_IDENTIFIER = "com.greghughes.Tests-iOS";
				PRODUCT_NAME = "$(TARGET_NAME)";
				SDKROOT = iphoneos;
				SWIFT_VERSION = 5.0;
				TARGETED_DEVICE_FAMILY = "1,2";
				TEST_TARGET_NAME = "DesignCodeCourse (iOS)";
			};
			name = Debug;
		};
		9070BA0525CCC188003361F5 /* Release */ = {
			isa = XCBuildConfiguration;
			buildSettings = {
				ALWAYS_EMBED_SWIFT_STANDARD_LIBRARIES = YES;
				CODE_SIGN_STYLE = Automatic;
				DEVELOPMENT_TEAM = 57FTCZV5HS;
				INFOPLIST_FILE = "Tests iOS/Info.plist";
				IPHONEOS_DEPLOYMENT_TARGET = 14.4;
				LD_RUNPATH_SEARCH_PATHS = (
					"$(inherited)",
					"@executable_path/Frameworks",
					"@loader_path/Frameworks",
				);
				PRODUCT_BUNDLE_IDENTIFIER = "com.greghughes.Tests-iOS";
				PRODUCT_NAME = "$(TARGET_NAME)";
				SDKROOT = iphoneos;
				SWIFT_VERSION = 5.0;
				TARGETED_DEVICE_FAMILY = "1,2";
				TEST_TARGET_NAME = "DesignCodeCourse (iOS)";
				VALIDATE_PRODUCT = YES;
			};
			name = Release;
		};
		9070BA0725CCC188003361F5 /* Debug */ = {
			isa = XCBuildConfiguration;
			buildSettings = {
				ALWAYS_EMBED_SWIFT_STANDARD_LIBRARIES = YES;
				CODE_SIGN_STYLE = Automatic;
				COMBINE_HIDPI_IMAGES = YES;
				DEVELOPMENT_TEAM = 57FTCZV5HS;
				INFOPLIST_FILE = "Tests macOS/Info.plist";
				LD_RUNPATH_SEARCH_PATHS = (
					"$(inherited)",
					"@executable_path/../Frameworks",
					"@loader_path/../Frameworks",
				);
				MACOSX_DEPLOYMENT_TARGET = 11.1;
				PRODUCT_BUNDLE_IDENTIFIER = "com.greghughes.Tests-macOS";
				PRODUCT_NAME = "$(TARGET_NAME)";
				SDKROOT = macosx;
				SWIFT_VERSION = 5.0;
				TEST_TARGET_NAME = "DesignCodeCourse (macOS)";
			};
			name = Debug;
		};
		9070BA0825CCC188003361F5 /* Release */ = {
			isa = XCBuildConfiguration;
			buildSettings = {
				ALWAYS_EMBED_SWIFT_STANDARD_LIBRARIES = YES;
				CODE_SIGN_STYLE = Automatic;
				COMBINE_HIDPI_IMAGES = YES;
				DEVELOPMENT_TEAM = 57FTCZV5HS;
				INFOPLIST_FILE = "Tests macOS/Info.plist";
				LD_RUNPATH_SEARCH_PATHS = (
					"$(inherited)",
					"@executable_path/../Frameworks",
					"@loader_path/../Frameworks",
				);
				MACOSX_DEPLOYMENT_TARGET = 11.1;
				PRODUCT_BUNDLE_IDENTIFIER = "com.greghughes.Tests-macOS";
				PRODUCT_NAME = "$(TARGET_NAME)";
				SDKROOT = macosx;
				SWIFT_VERSION = 5.0;
				TEST_TARGET_NAME = "DesignCodeCourse (macOS)";
			};
			name = Release;
		};
/* End XCBuildConfiguration section */

/* Begin XCConfigurationList section */
		9070B9CA25CCC183003361F5 /* Build configuration list for PBXProject "DesignCodeCourse" */ = {
			isa = XCConfigurationList;
			buildConfigurations = (
				9070B9FB25CCC188003361F5 /* Debug */,
				9070B9FC25CCC188003361F5 /* Release */,
			);
			defaultConfigurationIsVisible = 0;
			defaultConfigurationName = Release;
		};
		9070B9FD25CCC188003361F5 /* Build configuration list for PBXNativeTarget "DesignCodeCourse (iOS)" */ = {
			isa = XCConfigurationList;
			buildConfigurations = (
				9070B9FE25CCC188003361F5 /* Debug */,
				9070B9FF25CCC188003361F5 /* Release */,
			);
			defaultConfigurationIsVisible = 0;
			defaultConfigurationName = Release;
		};
		9070BA0025CCC188003361F5 /* Build configuration list for PBXNativeTarget "DesignCodeCourse (macOS)" */ = {
			isa = XCConfigurationList;
			buildConfigurations = (
				9070BA0125CCC188003361F5 /* Debug */,
				9070BA0225CCC188003361F5 /* Release */,
			);
			defaultConfigurationIsVisible = 0;
			defaultConfigurationName = Release;
		};
		9070BA0325CCC188003361F5 /* Build configuration list for PBXNativeTarget "Tests iOS" */ = {
			isa = XCConfigurationList;
			buildConfigurations = (
				9070BA0425CCC188003361F5 /* Debug */,
				9070BA0525CCC188003361F5 /* Release */,
			);
			defaultConfigurationIsVisible = 0;
			defaultConfigurationName = Release;
		};
		9070BA0625CCC188003361F5 /* Build configuration list for PBXNativeTarget "Tests macOS" */ = {
			isa = XCConfigurationList;
			buildConfigurations = (
				9070BA0725CCC188003361F5 /* Debug */,
				9070BA0825CCC188003361F5 /* Release */,
			);
			defaultConfigurationIsVisible = 0;
			defaultConfigurationName = Release;
		};
/* End XCConfigurationList section */
	};
	rootObject = 9070B9C725CCC183003361F5 /* Project object */;
}
